// !$*UTF8*$!
{
	archiveVersion = 1;
	classes = {
	};
	objectVersion = 55;
	objects = {

/* Begin PBXBuildFile section */
		7D6E8368282B714B00297F2D /* Tests_iOS.swift in Sources */ = {isa = PBXBuildFile; fileRef = 7D6E8367282B714B00297F2D /* Tests_iOS.swift */; };
		7D6E836A282B714B00297F2D /* Tests_iOSLaunchTests.swift in Sources */ = {isa = PBXBuildFile; fileRef = 7D6E8369282B714B00297F2D /* Tests_iOSLaunchTests.swift */; };
		7D6E8374282B714B00297F2D /* Tests_macOS.swift in Sources */ = {isa = PBXBuildFile; fileRef = 7D6E8373282B714B00297F2D /* Tests_macOS.swift */; };
		7D6E8376282B714B00297F2D /* Tests_macOSLaunchTests.swift in Sources */ = {isa = PBXBuildFile; fileRef = 7D6E8375282B714B00297F2D /* Tests_macOSLaunchTests.swift */; };
		7D6E8377282B714B00297F2D /* iTemApp.swift in Sources */ = {isa = PBXBuildFile; fileRef = 7D6E834F282B714100297F2D /* iTemApp.swift */; };
		7D6E8378282B714B00297F2D /* iTemApp.swift in Sources */ = {isa = PBXBuildFile; fileRef = 7D6E834F282B714100297F2D /* iTemApp.swift */; };
		7D6E8379282B714B00297F2D /* SceneView.swift in Sources */ = {isa = PBXBuildFile; fileRef = 7D6E8350282B714100297F2D /* SceneView.swift */; };
		7D6E837A282B714B00297F2D /* SceneView.swift in Sources */ = {isa = PBXBuildFile; fileRef = 7D6E8350282B714100297F2D /* SceneView.swift */; };
		7D6E837B282B714B00297F2D /* Assets.xcassets in Resources */ = {isa = PBXBuildFile; fileRef = 7D6E8351282B714B00297F2D /* Assets.xcassets */; };
		7D6E837C282B714B00297F2D /* Assets.xcassets in Resources */ = {isa = PBXBuildFile; fileRef = 7D6E8351282B714B00297F2D /* Assets.xcassets */; };
		7D6E838F282B736000297F2D /* Intents.swift in Sources */ = {isa = PBXBuildFile; fileRef = 7D6E838E282B736000297F2D /* Intents.swift */; };
		7D6E8390282B736000297F2D /* Intents.swift in Sources */ = {isa = PBXBuildFile; fileRef = 7D6E838E282B736000297F2D /* Intents.swift */; };
		7D6E8392282B747500297F2D /* Services.swift in Sources */ = {isa = PBXBuildFile; fileRef = 7D6E8391282B747500297F2D /* Services.swift */; };
		7D6E8393282B747500297F2D /* Services.swift in Sources */ = {isa = PBXBuildFile; fileRef = 7D6E8391282B747500297F2D /* Services.swift */; };
		7D6E8395282B749A00297F2D /* State.swift in Sources */ = {isa = PBXBuildFile; fileRef = 7D6E8394282B749A00297F2D /* State.swift */; };
		7D6E8396282B749A00297F2D /* State.swift in Sources */ = {isa = PBXBuildFile; fileRef = 7D6E8394282B749A00297F2D /* State.swift */; };
		7D6E8399282B753600297F2D /* ObservableStore in Frameworks */ = {isa = PBXBuildFile; productRef = 7D6E8398282B753600297F2D /* ObservableStore */; };
		7D6E839C282B754E00297F2D /* CoreStore in Frameworks */ = {isa = PBXBuildFile; productRef = 7D6E839B282B754E00297F2D /* CoreStore */; };
		7D6E839E282B75EF00297F2D /* AddItemDialog.swift in Sources */ = {isa = PBXBuildFile; fileRef = 7D6E839D282B75EF00297F2D /* AddItemDialog.swift */; };
		7D6E839F282B75EF00297F2D /* AddItemDialog.swift in Sources */ = {isa = PBXBuildFile; fileRef = 7D6E839D282B75EF00297F2D /* AddItemDialog.swift */; };
		7D6E83A1282B761100297F2D /* ConfirmDeleteDialog.swift in Sources */ = {isa = PBXBuildFile; fileRef = 7D6E83A0282B761100297F2D /* ConfirmDeleteDialog.swift */; };
		7D6E83A2282B761100297F2D /* ConfirmDeleteDialog.swift in Sources */ = {isa = PBXBuildFile; fileRef = 7D6E83A0282B761100297F2D /* ConfirmDeleteDialog.swift */; };
		7D6E83A4282B763C00297F2D /* FilterPicker.swift in Sources */ = {isa = PBXBuildFile; fileRef = 7D6E83A3282B763C00297F2D /* FilterPicker.swift */; };
		7D6E83A5282B763C00297F2D /* FilterPicker.swift in Sources */ = {isa = PBXBuildFile; fileRef = 7D6E83A3282B763C00297F2D /* FilterPicker.swift */; };
		7D6E83A7282B764500297F2D /* ItemPicker.swift in Sources */ = {isa = PBXBuildFile; fileRef = 7D6E83A6282B764500297F2D /* ItemPicker.swift */; };
		7D6E83A8282B764500297F2D /* ItemPicker.swift in Sources */ = {isa = PBXBuildFile; fileRef = 7D6E83A6282B764500297F2D /* ItemPicker.swift */; };
		7D6E83AA282B767300297F2D /* ItemList.swift in Sources */ = {isa = PBXBuildFile; fileRef = 7D6E83A9282B767300297F2D /* ItemList.swift */; };
		7D6E83AB282B767300297F2D /* ItemList.swift in Sources */ = {isa = PBXBuildFile; fileRef = 7D6E83A9282B767300297F2D /* ItemList.swift */; };
		7D6E83AD282B769500297F2D /* ItemDetail.swift in Sources */ = {isa = PBXBuildFile; fileRef = 7D6E83AC282B769500297F2D /* ItemDetail.swift */; };
		7D6E83AE282B769500297F2D /* ItemDetail.swift in Sources */ = {isa = PBXBuildFile; fileRef = 7D6E83AC282B769500297F2D /* ItemDetail.swift */; };
		7D9419AD282CBD350029F4EB /* TagModel.swift in Sources */ = {isa = PBXBuildFile; fileRef = 7D9419AA282CBD350029F4EB /* TagModel.swift */; };
		7D9419AE282CBD350029F4EB /* TagModel.swift in Sources */ = {isa = PBXBuildFile; fileRef = 7D9419AA282CBD350029F4EB /* TagModel.swift */; };
		7D9419AF282CBD350029F4EB /* ItemModel.swift in Sources */ = {isa = PBXBuildFile; fileRef = 7D9419AB282CBD350029F4EB /* ItemModel.swift */; };
		7D9419B0282CBD350029F4EB /* ItemModel.swift in Sources */ = {isa = PBXBuildFile; fileRef = 7D9419AB282CBD350029F4EB /* ItemModel.swift */; };
		7D9419B1282CBD350029F4EB /* Database.swift in Sources */ = {isa = PBXBuildFile; fileRef = 7D9419AC282CBD350029F4EB /* Database.swift */; };
		7D9419B2282CBD350029F4EB /* Database.swift in Sources */ = {isa = PBXBuildFile; fileRef = 7D9419AC282CBD350029F4EB /* Database.swift */; };
/* End PBXBuildFile section */

/* Begin PBXContainerItemProxy section */
		7D6E8364282B714B00297F2D /* PBXContainerItemProxy */ = {
			isa = PBXContainerItemProxy;
			containerPortal = 7D6E834A282B714000297F2D /* Project object */;
			proxyType = 1;
			remoteGlobalIDString = 7D6E8355282B714B00297F2D;
			remoteInfo = "iTem (iOS)";
		};
		7D6E8370282B714B00297F2D /* PBXContainerItemProxy */ = {
			isa = PBXContainerItemProxy;
			containerPortal = 7D6E834A282B714000297F2D /* Project object */;
			proxyType = 1;
			remoteGlobalIDString = 7D6E835B282B714B00297F2D;
			remoteInfo = "iTem (macOS)";
		};
/* End PBXContainerItemProxy section */

/* Begin PBXFileReference section */
		7D6E834F282B714100297F2D /* iTemApp.swift */ = {isa = PBXFileReference; lastKnownFileType = sourcecode.swift; path = iTemApp.swift; sourceTree = "<group>"; };
		7D6E8350282B714100297F2D /* SceneView.swift */ = {isa = PBXFileReference; lastKnownFileType = sourcecode.swift; path = SceneView.swift; sourceTree = "<group>"; };
		7D6E8351282B714B00297F2D /* Assets.xcassets */ = {isa = PBXFileReference; lastKnownFileType = folder.assetcatalog; path = Assets.xcassets; sourceTree = "<group>"; };
		7D6E8356282B714B00297F2D /* iTem.app */ = {isa = PBXFileReference; explicitFileType = wrapper.application; includeInIndex = 0; path = iTem.app; sourceTree = BUILT_PRODUCTS_DIR; };
		7D6E835C282B714B00297F2D /* iTem.app */ = {isa = PBXFileReference; explicitFileType = wrapper.application; includeInIndex = 0; path = iTem.app; sourceTree = BUILT_PRODUCTS_DIR; };
		7D6E835E282B714B00297F2D /* macOS.entitlements */ = {isa = PBXFileReference; lastKnownFileType = text.plist.entitlements; path = macOS.entitlements; sourceTree = "<group>"; };
		7D6E8363282B714B00297F2D /* Tests iOS.xctest */ = {isa = PBXFileReference; explicitFileType = wrapper.cfbundle; includeInIndex = 0; path = "Tests iOS.xctest"; sourceTree = BUILT_PRODUCTS_DIR; };
		7D6E8367282B714B00297F2D /* Tests_iOS.swift */ = {isa = PBXFileReference; lastKnownFileType = sourcecode.swift; path = Tests_iOS.swift; sourceTree = "<group>"; };
		7D6E8369282B714B00297F2D /* Tests_iOSLaunchTests.swift */ = {isa = PBXFileReference; lastKnownFileType = sourcecode.swift; path = Tests_iOSLaunchTests.swift; sourceTree = "<group>"; };
		7D6E836F282B714B00297F2D /* Tests macOS.xctest */ = {isa = PBXFileReference; explicitFileType = wrapper.cfbundle; includeInIndex = 0; path = "Tests macOS.xctest"; sourceTree = BUILT_PRODUCTS_DIR; };
		7D6E8373282B714B00297F2D /* Tests_macOS.swift */ = {isa = PBXFileReference; lastKnownFileType = sourcecode.swift; path = Tests_macOS.swift; sourceTree = "<group>"; };
		7D6E8375282B714B00297F2D /* Tests_macOSLaunchTests.swift */ = {isa = PBXFileReference; lastKnownFileType = sourcecode.swift; path = Tests_macOSLaunchTests.swift; sourceTree = "<group>"; };
		7D6E838E282B736000297F2D /* Intents.swift */ = {isa = PBXFileReference; lastKnownFileType = sourcecode.swift; path = Intents.swift; sourceTree = "<group>"; };
		7D6E8391282B747500297F2D /* Services.swift */ = {isa = PBXFileReference; lastKnownFileType = sourcecode.swift; path = Services.swift; sourceTree = "<group>"; };
		7D6E8394282B749A00297F2D /* State.swift */ = {isa = PBXFileReference; lastKnownFileType = sourcecode.swift; path = State.swift; sourceTree = "<group>"; };
		7D6E839D282B75EF00297F2D /* AddItemDialog.swift */ = {isa = PBXFileReference; lastKnownFileType = sourcecode.swift; path = AddItemDialog.swift; sourceTree = "<group>"; };
		7D6E83A0282B761100297F2D /* ConfirmDeleteDialog.swift */ = {isa = PBXFileReference; lastKnownFileType = sourcecode.swift; path = ConfirmDeleteDialog.swift; sourceTree = "<group>"; };
		7D6E83A3282B763C00297F2D /* FilterPicker.swift */ = {isa = PBXFileReference; lastKnownFileType = sourcecode.swift; path = FilterPicker.swift; sourceTree = "<group>"; };
		7D6E83A6282B764500297F2D /* ItemPicker.swift */ = {isa = PBXFileReference; lastKnownFileType = sourcecode.swift; path = ItemPicker.swift; sourceTree = "<group>"; };
		7D6E83A9282B767300297F2D /* ItemList.swift */ = {isa = PBXFileReference; lastKnownFileType = sourcecode.swift; path = ItemList.swift; sourceTree = "<group>"; };
		7D6E83AC282B769500297F2D /* ItemDetail.swift */ = {isa = PBXFileReference; lastKnownFileType = sourcecode.swift; path = ItemDetail.swift; sourceTree = "<group>"; };
		7D9419AA282CBD350029F4EB /* TagModel.swift */ = {isa = PBXFileReference; fileEncoding = 4; lastKnownFileType = sourcecode.swift; path = TagModel.swift; sourceTree = "<group>"; };
		7D9419AB282CBD350029F4EB /* ItemModel.swift */ = {isa = PBXFileReference; fileEncoding = 4; lastKnownFileType = sourcecode.swift; path = ItemModel.swift; sourceTree = "<group>"; };
		7D9419AC282CBD350029F4EB /* Database.swift */ = {isa = PBXFileReference; fileEncoding = 4; lastKnownFileType = sourcecode.swift; path = Database.swift; sourceTree = "<group>"; };
/* End PBXFileReference section */

/* Begin PBXFrameworksBuildPhase section */
		7D6E8353282B714B00297F2D /* Frameworks */ = {
			isa = PBXFrameworksBuildPhase;
			buildActionMask = 2147483647;
			files = (
				7D6E8399282B753600297F2D /* ObservableStore in Frameworks */,
				7D6E839C282B754E00297F2D /* CoreStore in Frameworks */,
			);
			runOnlyForDeploymentPostprocessing = 0;
		};
		7D6E8359282B714B00297F2D /* Frameworks */ = {
			isa = PBXFrameworksBuildPhase;
			buildActionMask = 2147483647;
			files = (
			);
			runOnlyForDeploymentPostprocessing = 0;
		};
		7D6E8360282B714B00297F2D /* Frameworks */ = {
			isa = PBXFrameworksBuildPhase;
			buildActionMask = 2147483647;
			files = (
			);
			runOnlyForDeploymentPostprocessing = 0;
		};
		7D6E836C282B714B00297F2D /* Frameworks */ = {
			isa = PBXFrameworksBuildPhase;
			buildActionMask = 2147483647;
			files = (
			);
			runOnlyForDeploymentPostprocessing = 0;
		};
/* End PBXFrameworksBuildPhase section */

/* Begin PBXGroup section */
		7D6E8349282B714000297F2D = {
			isa = PBXGroup;
			children = (
				7D6E834E282B714100297F2D /* Shared */,
				7D6E835D282B714B00297F2D /* macOS */,
				7D6E8366282B714B00297F2D /* Tests iOS */,
				7D6E8372282B714B00297F2D /* Tests macOS */,
				7D6E8357282B714B00297F2D /* Products */,
			);
			sourceTree = "<group>";
		};
		7D6E834E282B714100297F2D /* Shared */ = {
			isa = PBXGroup;
			children = (
				7D9419B7282CBE5D0029F4EB /* services */,
				7D9419B8282CBE7E0029F4EB /* models */,
				7D9419B6282CBE4C0029F4EB /* update */,
				7D9419B9282CBE950029F4EB /* views */,
				7D6E8351282B714B00297F2D /* Assets.xcassets */,
			);
			path = Shared;
			sourceTree = "<group>";
		};
		7D6E8357282B714B00297F2D /* Products */ = {
			isa = PBXGroup;
			children = (
				7D6E8356282B714B00297F2D /* iTem.app */,
				7D6E835C282B714B00297F2D /* iTem.app */,
				7D6E8363282B714B00297F2D /* Tests iOS.xctest */,
				7D6E836F282B714B00297F2D /* Tests macOS.xctest */,
			);
			name = Products;
			sourceTree = "<group>";
		};
		7D6E835D282B714B00297F2D /* macOS */ = {
			isa = PBXGroup;
			children = (
				7D6E835E282B714B00297F2D /* macOS.entitlements */,
			);
			path = macOS;
			sourceTree = "<group>";
		};
		7D6E8366282B714B00297F2D /* Tests iOS */ = {
			isa = PBXGroup;
			children = (
				7D6E8367282B714B00297F2D /* Tests_iOS.swift */,
				7D6E8369282B714B00297F2D /* Tests_iOSLaunchTests.swift */,
			);
			path = "Tests iOS";
			sourceTree = "<group>";
		};
		7D6E8372282B714B00297F2D /* Tests macOS */ = {
			isa = PBXGroup;
			children = (
				7D6E8373282B714B00297F2D /* Tests_macOS.swift */,
				7D6E8375282B714B00297F2D /* Tests_macOSLaunchTests.swift */,
			);
			path = "Tests macOS";
			sourceTree = "<group>";
		};
		7D9419B3282CBD9E0029F4EB /* dialog */ = {
			isa = PBXGroup;
			children = (
				7D6E839D282B75EF00297F2D /* AddItemDialog.swift */,
				7D6E83A0282B761100297F2D /* ConfirmDeleteDialog.swift */,
			);
			path = dialog;
			sourceTree = "<group>";
		};
		7D9419B4282CBDA70029F4EB /* sheet picker */ = {
			isa = PBXGroup;
			children = (
				7D6E83A3282B763C00297F2D /* FilterPicker.swift */,
				7D6E83A6282B764500297F2D /* ItemPicker.swift */,
			);
			path = "sheet picker";
			sourceTree = "<group>";
		};
		7D9419B5282CBDC30029F4EB /* route */ = {
			isa = PBXGroup;
			children = (
				7D6E8350282B714100297F2D /* SceneView.swift */,
				7D6E83A9282B767300297F2D /* ItemList.swift */,
				7D6E83AC282B769500297F2D /* ItemDetail.swift */,
			);
			path = route;
			sourceTree = "<group>";
		};
		7D9419B6282CBE4C0029F4EB /* update */ = {
			isa = PBXGroup;
			children = (
				7D6E838E282B736000297F2D /* Intents.swift */,
				7D6E8394282B749A00297F2D /* State.swift */,
			);
			path = update;
			sourceTree = "<group>";
		};
		7D9419B7282CBE5D0029F4EB /* services */ = {
			isa = PBXGroup;
			children = (
				7D6E8391282B747500297F2D /* Services.swift */,
				7D9419AC282CBD350029F4EB /* Database.swift */,
			);
			name = services;
			sourceTree = "<group>";
		};
		7D9419B8282CBE7E0029F4EB /* models */ = {
			isa = PBXGroup;
			children = (
				7D9419AB282CBD350029F4EB /* ItemModel.swift */,
				7D9419AA282CBD350029F4EB /* TagModel.swift */,
			);
			path = models;
			sourceTree = "<group>";
		};
		7D9419B9282CBE950029F4EB /* views */ = {
			isa = PBXGroup;
			children = (
				7D6E834F282B714100297F2D /* iTemApp.swift */,
				7D9419B3282CBD9E0029F4EB /* dialog */,
				7D9419B4282CBDA70029F4EB /* sheet picker */,
				7D9419B5282CBDC30029F4EB /* route */,
			);
			path = views;
			sourceTree = "<group>";
		};
/* End PBXGroup section */

/* Begin PBXNativeTarget section */
		7D6E8355282B714B00297F2D /* iTem (iOS) */ = {
			isa = PBXNativeTarget;
			buildConfigurationList = 7D6E837F282B714B00297F2D /* Build configuration list for PBXNativeTarget "iTem (iOS)" */;
			buildPhases = (
				7D6E8352282B714B00297F2D /* Sources */,
				7D6E8353282B714B00297F2D /* Frameworks */,
				7D6E8354282B714B00297F2D /* Resources */,
			);
			buildRules = (
			);
			dependencies = (
			);
			name = "iTem (iOS)";
			packageProductDependencies = (
				7D6E8398282B753600297F2D /* ObservableStore */,
				7D6E839B282B754E00297F2D /* CoreStore */,
			);
			productName = "iTem (iOS)";
			productReference = 7D6E8356282B714B00297F2D /* iTem.app */;
			productType = "com.apple.product-type.application";
		};
		7D6E835B282B714B00297F2D /* iTem (macOS) */ = {
			isa = PBXNativeTarget;
			buildConfigurationList = 7D6E8382282B714B00297F2D /* Build configuration list for PBXNativeTarget "iTem (macOS)" */;
			buildPhases = (
				7D6E8358282B714B00297F2D /* Sources */,
				7D6E8359282B714B00297F2D /* Frameworks */,
				7D6E835A282B714B00297F2D /* Resources */,
			);
			buildRules = (
			);
			dependencies = (
			);
			name = "iTem (macOS)";
			productName = "iTem (macOS)";
			productReference = 7D6E835C282B714B00297F2D /* iTem.app */;
			productType = "com.apple.product-type.application";
		};
		7D6E8362282B714B00297F2D /* Tests iOS */ = {
			isa = PBXNativeTarget;
			buildConfigurationList = 7D6E8385282B714B00297F2D /* Build configuration list for PBXNativeTarget "Tests iOS" */;
			buildPhases = (
				7D6E835F282B714B00297F2D /* Sources */,
				7D6E8360282B714B00297F2D /* Frameworks */,
				7D6E8361282B714B00297F2D /* Resources */,
			);
			buildRules = (
			);
			dependencies = (
				7D6E8365282B714B00297F2D /* PBXTargetDependency */,
			);
			name = "Tests iOS";
			productName = "Tests iOS";
			productReference = 7D6E8363282B714B00297F2D /* Tests iOS.xctest */;
			productType = "com.apple.product-type.bundle.ui-testing";
		};
		7D6E836E282B714B00297F2D /* Tests macOS */ = {
			isa = PBXNativeTarget;
			buildConfigurationList = 7D6E8388282B714B00297F2D /* Build configuration list for PBXNativeTarget "Tests macOS" */;
			buildPhases = (
				7D6E836B282B714B00297F2D /* Sources */,
				7D6E836C282B714B00297F2D /* Frameworks */,
				7D6E836D282B714B00297F2D /* Resources */,
			);
			buildRules = (
			);
			dependencies = (
				7D6E8371282B714B00297F2D /* PBXTargetDependency */,
			);
			name = "Tests macOS";
			productName = "Tests macOS";
			productReference = 7D6E836F282B714B00297F2D /* Tests macOS.xctest */;
			productType = "com.apple.product-type.bundle.ui-testing";
		};
/* End PBXNativeTarget section */

/* Begin PBXProject section */
		7D6E834A282B714000297F2D /* Project object */ = {
			isa = PBXProject;
			attributes = {
				BuildIndependentTargetsInParallel = 1;
				LastSwiftUpdateCheck = 1330;
				LastUpgradeCheck = 1330;
				TargetAttributes = {
					7D6E8355282B714B00297F2D = {
						CreatedOnToolsVersion = 13.3.1;
					};
					7D6E835B282B714B00297F2D = {
						CreatedOnToolsVersion = 13.3.1;
					};
					7D6E8362282B714B00297F2D = {
						CreatedOnToolsVersion = 13.3.1;
						TestTargetID = 7D6E8355282B714B00297F2D;
					};
					7D6E836E282B714B00297F2D = {
						CreatedOnToolsVersion = 13.3.1;
						TestTargetID = 7D6E835B282B714B00297F2D;
					};
				};
			};
			buildConfigurationList = 7D6E834D282B714000297F2D /* Build configuration list for PBXProject "iTem" */;
			compatibilityVersion = "Xcode 13.0";
			developmentRegion = en;
			hasScannedForEncodings = 0;
			knownRegions = (
				en,
				Base,
			);
			mainGroup = 7D6E8349282B714000297F2D;
			packageReferences = (
				7D6E8397282B753600297F2D /* XCRemoteSwiftPackageReference "ObservableStore" */,
				7D6E839A282B754E00297F2D /* XCRemoteSwiftPackageReference "CoreStore" */,
			);
			productRefGroup = 7D6E8357282B714B00297F2D /* Products */;
			projectDirPath = "";
			projectRoot = "";
			targets = (
				7D6E8355282B714B00297F2D /* iTem (iOS) */,
				7D6E835B282B714B00297F2D /* iTem (macOS) */,
				7D6E8362282B714B00297F2D /* Tests iOS */,
				7D6E836E282B714B00297F2D /* Tests macOS */,
			);
		};
/* End PBXProject section */

/* Begin PBXResourcesBuildPhase section */
		7D6E8354282B714B00297F2D /* Resources */ = {
			isa = PBXResourcesBuildPhase;
			buildActionMask = 2147483647;
			files = (
				7D6E837B282B714B00297F2D /* Assets.xcassets in Resources */,
			);
			runOnlyForDeploymentPostprocessing = 0;
		};
		7D6E835A282B714B00297F2D /* Resources */ = {
			isa = PBXResourcesBuildPhase;
			buildActionMask = 2147483647;
			files = (
				7D6E837C282B714B00297F2D /* Assets.xcassets in Resources */,
			);
			runOnlyForDeploymentPostprocessing = 0;
		};
		7D6E8361282B714B00297F2D /* Resources */ = {
			isa = PBXResourcesBuildPhase;
			buildActionMask = 2147483647;
			files = (
			);
			runOnlyForDeploymentPostprocessing = 0;
		};
		7D6E836D282B714B00297F2D /* Resources */ = {
			isa = PBXResourcesBuildPhase;
			buildActionMask = 2147483647;
			files = (
			);
			runOnlyForDeploymentPostprocessing = 0;
		};
/* End PBXResourcesBuildPhase section */

/* Begin PBXSourcesBuildPhase section */
		7D6E8352282B714B00297F2D /* Sources */ = {
			isa = PBXSourcesBuildPhase;
			buildActionMask = 2147483647;
			files = (
				7D6E83AD282B769500297F2D /* ItemDetail.swift in Sources */,
				7D6E838F282B736000297F2D /* Intents.swift in Sources */,
				7D9419B1282CBD350029F4EB /* Database.swift in Sources */,
				7D9419AD282CBD350029F4EB /* TagModel.swift in Sources */,
				7D6E8379282B714B00297F2D /* SceneView.swift in Sources */,
				7D6E8377282B714B00297F2D /* iTemApp.swift in Sources */,
				7D6E83A1282B761100297F2D /* ConfirmDeleteDialog.swift in Sources */,
				7D6E839E282B75EF00297F2D /* AddItemDialog.swift in Sources */,
				7D6E83A7282B764500297F2D /* ItemPicker.swift in Sources */,
				7D6E8392282B747500297F2D /* Services.swift in Sources */,
				7D6E83AA282B767300297F2D /* ItemList.swift in Sources */,
				7D6E83A4282B763C00297F2D /* FilterPicker.swift in Sources */,
				7D9419AF282CBD350029F4EB /* ItemModel.swift in Sources */,
				7D6E8395282B749A00297F2D /* State.swift in Sources */,
			);
			runOnlyForDeploymentPostprocessing = 0;
		};
		7D6E8358282B714B00297F2D /* Sources */ = {
			isa = PBXSourcesBuildPhase;
			buildActionMask = 2147483647;
			files = (
				7D6E83AE282B769500297F2D /* ItemDetail.swift in Sources */,
				7D6E8390282B736000297F2D /* Intents.swift in Sources */,
				7D9419B2282CBD350029F4EB /* Database.swift in Sources */,
				7D9419AE282CBD350029F4EB /* TagModel.swift in Sources */,
				7D6E837A282B714B00297F2D /* SceneView.swift in Sources */,
				7D6E8378282B714B00297F2D /* iTemApp.swift in Sources */,
				7D6E83A2282B761100297F2D /* ConfirmDeleteDialog.swift in Sources */,
				7D6E839F282B75EF00297F2D /* AddItemDialog.swift in Sources */,
				7D6E83A8282B764500297F2D /* ItemPicker.swift in Sources */,
				7D6E8393282B747500297F2D /* Services.swift in Sources */,
				7D6E83AB282B767300297F2D /* ItemList.swift in Sources */,
				7D6E83A5282B763C00297F2D /* FilterPicker.swift in Sources */,
				7D9419B0282CBD350029F4EB /* ItemModel.swift in Sources */,
				7D6E8396282B749A00297F2D /* State.swift in Sources */,
			);
			runOnlyForDeploymentPostprocessing = 0;
		};
		7D6E835F282B714B00297F2D /* Sources */ = {
			isa = PBXSourcesBuildPhase;
			buildActionMask = 2147483647;
			files = (
				7D6E836A282B714B00297F2D /* Tests_iOSLaunchTests.swift in Sources */,
				7D6E8368282B714B00297F2D /* Tests_iOS.swift in Sources */,
			);
			runOnlyForDeploymentPostprocessing = 0;
		};
		7D6E836B282B714B00297F2D /* Sources */ = {
			isa = PBXSourcesBuildPhase;
			buildActionMask = 2147483647;
			files = (
				7D6E8376282B714B00297F2D /* Tests_macOSLaunchTests.swift in Sources */,
				7D6E8374282B714B00297F2D /* Tests_macOS.swift in Sources */,
			);
			runOnlyForDeploymentPostprocessing = 0;
		};
/* End PBXSourcesBuildPhase section */

/* Begin PBXTargetDependency section */
		7D6E8365282B714B00297F2D /* PBXTargetDependency */ = {
			isa = PBXTargetDependency;
			target = 7D6E8355282B714B00297F2D /* iTem (iOS) */;
			targetProxy = 7D6E8364282B714B00297F2D /* PBXContainerItemProxy */;
		};
		7D6E8371282B714B00297F2D /* PBXTargetDependency */ = {
			isa = PBXTargetDependency;
			target = 7D6E835B282B714B00297F2D /* iTem (macOS) */;
			targetProxy = 7D6E8370282B714B00297F2D /* PBXContainerItemProxy */;
		};
/* End PBXTargetDependency section */

/* Begin XCBuildConfiguration section */
		7D6E837D282B714B00297F2D /* Debug */ = {
			isa = XCBuildConfiguration;
			buildSettings = {
				ALWAYS_SEARCH_USER_PATHS = NO;
				CLANG_ANALYZER_NONNULL = YES;
				CLANG_ANALYZER_NUMBER_OBJECT_CONVERSION = YES_AGGRESSIVE;
				CLANG_CXX_LANGUAGE_STANDARD = "gnu++17";
				CLANG_ENABLE_MODULES = YES;
				CLANG_ENABLE_OBJC_ARC = YES;
				CLANG_ENABLE_OBJC_WEAK = YES;
				CLANG_WARN_BLOCK_CAPTURE_AUTORELEASING = YES;
				CLANG_WARN_BOOL_CONVERSION = YES;
				CLANG_WARN_COMMA = YES;
				CLANG_WARN_CONSTANT_CONVERSION = YES;
				CLANG_WARN_DEPRECATED_OBJC_IMPLEMENTATIONS = YES;
				CLANG_WARN_DIRECT_OBJC_ISA_USAGE = YES_ERROR;
				CLANG_WARN_DOCUMENTATION_COMMENTS = YES;
				CLANG_WARN_EMPTY_BODY = YES;
				CLANG_WARN_ENUM_CONVERSION = YES;
				CLANG_WARN_INFINITE_RECURSION = YES;
				CLANG_WARN_INT_CONVERSION = YES;
				CLANG_WARN_NON_LITERAL_NULL_CONVERSION = YES;
				CLANG_WARN_OBJC_IMPLICIT_RETAIN_SELF = YES;
				CLANG_WARN_OBJC_LITERAL_CONVERSION = YES;
				CLANG_WARN_OBJC_ROOT_CLASS = YES_ERROR;
				CLANG_WARN_QUOTED_INCLUDE_IN_FRAMEWORK_HEADER = YES;
				CLANG_WARN_RANGE_LOOP_ANALYSIS = YES;
				CLANG_WARN_STRICT_PROTOTYPES = YES;
				CLANG_WARN_SUSPICIOUS_MOVE = YES;
				CLANG_WARN_UNGUARDED_AVAILABILITY = YES_AGGRESSIVE;
				CLANG_WARN_UNREACHABLE_CODE = YES;
				CLANG_WARN__DUPLICATE_METHOD_MATCH = YES;
				COPY_PHASE_STRIP = NO;
				DEBUG_INFORMATION_FORMAT = dwarf;
				ENABLE_STRICT_OBJC_MSGSEND = YES;
				ENABLE_TESTABILITY = YES;
				GCC_C_LANGUAGE_STANDARD = gnu11;
				GCC_DYNAMIC_NO_PIC = NO;
				GCC_NO_COMMON_BLOCKS = YES;
				GCC_OPTIMIZATION_LEVEL = 0;
				GCC_PREPROCESSOR_DEFINITIONS = (
					"DEBUG=1",
					"$(inherited)",
				);
				GCC_WARN_64_TO_32_BIT_CONVERSION = YES;
				GCC_WARN_ABOUT_RETURN_TYPE = YES_ERROR;
				GCC_WARN_UNDECLARED_SELECTOR = YES;
				GCC_WARN_UNINITIALIZED_AUTOS = YES_AGGRESSIVE;
				GCC_WARN_UNUSED_FUNCTION = YES;
				GCC_WARN_UNUSED_VARIABLE = YES;
				MTL_ENABLE_DEBUG_INFO = INCLUDE_SOURCE;
				MTL_FAST_MATH = YES;
				ONLY_ACTIVE_ARCH = YES;
				SWIFT_ACTIVE_COMPILATION_CONDITIONS = DEBUG;
				SWIFT_OPTIMIZATION_LEVEL = "-Onone";
			};
			name = Debug;
		};
		7D6E837E282B714B00297F2D /* Release */ = {
			isa = XCBuildConfiguration;
			buildSettings = {
				ALWAYS_SEARCH_USER_PATHS = NO;
				CLANG_ANALYZER_NONNULL = YES;
				CLANG_ANALYZER_NUMBER_OBJECT_CONVERSION = YES_AGGRESSIVE;
				CLANG_CXX_LANGUAGE_STANDARD = "gnu++17";
				CLANG_ENABLE_MODULES = YES;
				CLANG_ENABLE_OBJC_ARC = YES;
				CLANG_ENABLE_OBJC_WEAK = YES;
				CLANG_WARN_BLOCK_CAPTURE_AUTORELEASING = YES;
				CLANG_WARN_BOOL_CONVERSION = YES;
				CLANG_WARN_COMMA = YES;
				CLANG_WARN_CONSTANT_CONVERSION = YES;
				CLANG_WARN_DEPRECATED_OBJC_IMPLEMENTATIONS = YES;
				CLANG_WARN_DIRECT_OBJC_ISA_USAGE = YES_ERROR;
				CLANG_WARN_DOCUMENTATION_COMMENTS = YES;
				CLANG_WARN_EMPTY_BODY = YES;
				CLANG_WARN_ENUM_CONVERSION = YES;
				CLANG_WARN_INFINITE_RECURSION = YES;
				CLANG_WARN_INT_CONVERSION = YES;
				CLANG_WARN_NON_LITERAL_NULL_CONVERSION = YES;
				CLANG_WARN_OBJC_IMPLICIT_RETAIN_SELF = YES;
				CLANG_WARN_OBJC_LITERAL_CONVERSION = YES;
				CLANG_WARN_OBJC_ROOT_CLASS = YES_ERROR;
				CLANG_WARN_QUOTED_INCLUDE_IN_FRAMEWORK_HEADER = YES;
				CLANG_WARN_RANGE_LOOP_ANALYSIS = YES;
				CLANG_WARN_STRICT_PROTOTYPES = YES;
				CLANG_WARN_SUSPICIOUS_MOVE = YES;
				CLANG_WARN_UNGUARDED_AVAILABILITY = YES_AGGRESSIVE;
				CLANG_WARN_UNREACHABLE_CODE = YES;
				CLANG_WARN__DUPLICATE_METHOD_MATCH = YES;
				COPY_PHASE_STRIP = NO;
				DEBUG_INFORMATION_FORMAT = "dwarf-with-dsym";
				ENABLE_NS_ASSERTIONS = NO;
				ENABLE_STRICT_OBJC_MSGSEND = YES;
				GCC_C_LANGUAGE_STANDARD = gnu11;
				GCC_NO_COMMON_BLOCKS = YES;
				GCC_WARN_64_TO_32_BIT_CONVERSION = YES;
				GCC_WARN_ABOUT_RETURN_TYPE = YES_ERROR;
				GCC_WARN_UNDECLARED_SELECTOR = YES;
				GCC_WARN_UNINITIALIZED_AUTOS = YES_AGGRESSIVE;
				GCC_WARN_UNUSED_FUNCTION = YES;
				GCC_WARN_UNUSED_VARIABLE = YES;
				MTL_ENABLE_DEBUG_INFO = NO;
				MTL_FAST_MATH = YES;
				SWIFT_COMPILATION_MODE = wholemodule;
				SWIFT_OPTIMIZATION_LEVEL = "-O";
			};
			name = Release;
		};
		7D6E8380282B714B00297F2D /* Debug */ = {
			isa = XCBuildConfiguration;
			buildSettings = {
				ASSETCATALOG_COMPILER_APPICON_NAME = AppIcon;
				ASSETCATALOG_COMPILER_GLOBAL_ACCENT_COLOR_NAME = AccentColor;
				CODE_SIGN_STYLE = Automatic;
				CURRENT_PROJECT_VERSION = 1;
				DEVELOPMENT_TEAM = QMHCJZDLMT;
				ENABLE_PREVIEWS = YES;
				GENERATE_INFOPLIST_FILE = YES;
				INFOPLIST_KEY_UIApplicationSceneManifest_Generation = YES;
				INFOPLIST_KEY_UIApplicationSupportsIndirectInputEvents = YES;
				INFOPLIST_KEY_UILaunchScreen_Generation = YES;
				INFOPLIST_KEY_UISupportedInterfaceOrientations_iPad = "UIInterfaceOrientationPortrait UIInterfaceOrientationPortraitUpsideDown UIInterfaceOrientationLandscapeLeft UIInterfaceOrientationLandscapeRight";
				INFOPLIST_KEY_UISupportedInterfaceOrientations_iPhone = "UIInterfaceOrientationPortrait UIInterfaceOrientationLandscapeLeft UIInterfaceOrientationLandscapeRight";
				IPHONEOS_DEPLOYMENT_TARGET = 15.4;
				LD_RUNPATH_SEARCH_PATHS = (
					"$(inherited)",
					"@executable_path/Frameworks",
				);
				MARKETING_VERSION = 1.0;
				PRODUCT_BUNDLE_IDENTIFIER = knowles.iTem;
				PRODUCT_NAME = iTem;
				SDKROOT = iphoneos;
				SWIFT_EMIT_LOC_STRINGS = YES;
				SWIFT_VERSION = 5.0;
				TARGETED_DEVICE_FAMILY = "1,2";
			};
			name = Debug;
		};
		7D6E8381282B714B00297F2D /* Release */ = {
			isa = XCBuildConfiguration;
			buildSettings = {
				ASSETCATALOG_COMPILER_APPICON_NAME = AppIcon;
				ASSETCATALOG_COMPILER_GLOBAL_ACCENT_COLOR_NAME = AccentColor;
				CODE_SIGN_STYLE = Automatic;
				CURRENT_PROJECT_VERSION = 1;
				DEVELOPMENT_TEAM = QMHCJZDLMT;
				ENABLE_PREVIEWS = YES;
				GENERATE_INFOPLIST_FILE = YES;
				INFOPLIST_KEY_UIApplicationSceneManifest_Generation = YES;
				INFOPLIST_KEY_UIApplicationSupportsIndirectInputEvents = YES;
				INFOPLIST_KEY_UILaunchScreen_Generation = YES;
				INFOPLIST_KEY_UISupportedInterfaceOrientations_iPad = "UIInterfaceOrientationPortrait UIInterfaceOrientationPortraitUpsideDown UIInterfaceOrientationLandscapeLeft UIInterfaceOrientationLandscapeRight";
				INFOPLIST_KEY_UISupportedInterfaceOrientations_iPhone = "UIInterfaceOrientationPortrait UIInterfaceOrientationLandscapeLeft UIInterfaceOrientationLandscapeRight";
				IPHONEOS_DEPLOYMENT_TARGET = 15.4;
				LD_RUNPATH_SEARCH_PATHS = (
					"$(inherited)",
					"@executable_path/Frameworks",
				);
				MARKETING_VERSION = 1.0;
				PRODUCT_BUNDLE_IDENTIFIER = knowles.iTem;
				PRODUCT_NAME = iTem;
				SDKROOT = iphoneos;
				SWIFT_EMIT_LOC_STRINGS = YES;
				SWIFT_VERSION = 5.0;
				TARGETED_DEVICE_FAMILY = "1,2";
				VALIDATE_PRODUCT = YES;
			};
			name = Release;
		};
		7D6E8383282B714B00297F2D /* Debug */ = {
			isa = XCBuildConfiguration;
			buildSettings = {
				ASSETCATALOG_COMPILER_APPICON_NAME = AppIcon;
				ASSETCATALOG_COMPILER_GLOBAL_ACCENT_COLOR_NAME = AccentColor;
				CODE_SIGN_ENTITLEMENTS = macOS/macOS.entitlements;
				CODE_SIGN_STYLE = Automatic;
				COMBINE_HIDPI_IMAGES = YES;
				CURRENT_PROJECT_VERSION = 1;
				DEVELOPMENT_TEAM = QMHCJZDLMT;
				ENABLE_HARDENED_RUNTIME = YES;
				ENABLE_PREVIEWS = YES;
				GENERATE_INFOPLIST_FILE = YES;
				INFOPLIST_KEY_NSHumanReadableCopyright = "";
				LD_RUNPATH_SEARCH_PATHS = (
					"$(inherited)",
					"@executable_path/../Frameworks",
				);
				MACOSX_DEPLOYMENT_TARGET = 12.3;
				MARKETING_VERSION = 1.0;
				PRODUCT_BUNDLE_IDENTIFIER = knowles.iTem;
				PRODUCT_NAME = iTem;
				SDKROOT = macosx;
				SWIFT_EMIT_LOC_STRINGS = YES;
				SWIFT_VERSION = 5.0;
			};
			name = Debug;
		};
		7D6E8384282B714B00297F2D /* Release */ = {
			isa = XCBuildConfiguration;
			buildSettings = {
				ASSETCATALOG_COMPILER_APPICON_NAME = AppIcon;
				ASSETCATALOG_COMPILER_GLOBAL_ACCENT_COLOR_NAME = AccentColor;
				CODE_SIGN_ENTITLEMENTS = macOS/macOS.entitlements;
				CODE_SIGN_STYLE = Automatic;
				COMBINE_HIDPI_IMAGES = YES;
				CURRENT_PROJECT_VERSION = 1;
				DEVELOPMENT_TEAM = QMHCJZDLMT;
				ENABLE_HARDENED_RUNTIME = YES;
				ENABLE_PREVIEWS = YES;
				GENERATE_INFOPLIST_FILE = YES;
				INFOPLIST_KEY_NSHumanReadableCopyright = "";
				LD_RUNPATH_SEARCH_PATHS = (
					"$(inherited)",
					"@executable_path/../Frameworks",
				);
				MACOSX_DEPLOYMENT_TARGET = 12.3;
				MARKETING_VERSION = 1.0;
				PRODUCT_BUNDLE_IDENTIFIER = knowles.iTem;
				PRODUCT_NAME = iTem;
				SDKROOT = macosx;
				SWIFT_EMIT_LOC_STRINGS = YES;
				SWIFT_VERSION = 5.0;
			};
			name = Release;
		};
		7D6E8386282B714B00297F2D /* Debug */ = {
			isa = XCBuildConfiguration;
			buildSettings = {
				ALWAYS_EMBED_SWIFT_STANDARD_LIBRARIES = YES;
				CODE_SIGN_STYLE = Automatic;
				CURRENT_PROJECT_VERSION = 1;
				DEVELOPMENT_TEAM = QMHCJZDLMT;
				GENERATE_INFOPLIST_FILE = YES;
				IPHONEOS_DEPLOYMENT_TARGET = 15.4;
				MARKETING_VERSION = 1.0;
				PRODUCT_BUNDLE_IDENTIFIER = "knowles.Tests-iOS";
				PRODUCT_NAME = "$(TARGET_NAME)";
				SDKROOT = iphoneos;
				SWIFT_EMIT_LOC_STRINGS = NO;
				SWIFT_VERSION = 5.0;
				TARGETED_DEVICE_FAMILY = "1,2";
				TEST_TARGET_NAME = "iTem (iOS)";
			};
			name = Debug;
		};
		7D6E8387282B714B00297F2D /* Release */ = {
			isa = XCBuildConfiguration;
			buildSettings = {
				ALWAYS_EMBED_SWIFT_STANDARD_LIBRARIES = YES;
				CODE_SIGN_STYLE = Automatic;
				CURRENT_PROJECT_VERSION = 1;
				DEVELOPMENT_TEAM = QMHCJZDLMT;
				GENERATE_INFOPLIST_FILE = YES;
				IPHONEOS_DEPLOYMENT_TARGET = 15.4;
				MARKETING_VERSION = 1.0;
				PRODUCT_BUNDLE_IDENTIFIER = "knowles.Tests-iOS";
				PRODUCT_NAME = "$(TARGET_NAME)";
				SDKROOT = iphoneos;
				SWIFT_EMIT_LOC_STRINGS = NO;
				SWIFT_VERSION = 5.0;
				TARGETED_DEVICE_FAMILY = "1,2";
				TEST_TARGET_NAME = "iTem (iOS)";
				VALIDATE_PRODUCT = YES;
			};
			name = Release;
		};
		7D6E8389282B714B00297F2D /* Debug */ = {
			isa = XCBuildConfiguration;
			buildSettings = {
				ALWAYS_EMBED_SWIFT_STANDARD_LIBRARIES = YES;
				CODE_SIGN_STYLE = Automatic;
				CURRENT_PROJECT_VERSION = 1;
				DEVELOPMENT_TEAM = QMHCJZDLMT;
				GENERATE_INFOPLIST_FILE = YES;
				MACOSX_DEPLOYMENT_TARGET = 12.3;
				MARKETING_VERSION = 1.0;
				PRODUCT_BUNDLE_IDENTIFIER = "knowles.Tests-macOS";
				PRODUCT_NAME = "$(TARGET_NAME)";
				SDKROOT = macosx;
				SWIFT_EMIT_LOC_STRINGS = NO;
				SWIFT_VERSION = 5.0;
				TEST_TARGET_NAME = "iTem (macOS)";
			};
			name = Debug;
		};
		7D6E838A282B714B00297F2D /* Release */ = {
			isa = XCBuildConfiguration;
			buildSettings = {
				ALWAYS_EMBED_SWIFT_STANDARD_LIBRARIES = YES;
				CODE_SIGN_STYLE = Automatic;
				CURRENT_PROJECT_VERSION = 1;
				DEVELOPMENT_TEAM = QMHCJZDLMT;
				GENERATE_INFOPLIST_FILE = YES;
				MACOSX_DEPLOYMENT_TARGET = 12.3;
				MARKETING_VERSION = 1.0;
				PRODUCT_BUNDLE_IDENTIFIER = "knowles.Tests-macOS";
				PRODUCT_NAME = "$(TARGET_NAME)";
				SDKROOT = macosx;
				SWIFT_EMIT_LOC_STRINGS = NO;
				SWIFT_VERSION = 5.0;
				TEST_TARGET_NAME = "iTem (macOS)";
			};
			name = Release;
		};
/* End XCBuildConfiguration section */

/* Begin XCConfigurationList section */
		7D6E834D282B714000297F2D /* Build configuration list for PBXProject "iTem" */ = {
			isa = XCConfigurationList;
			buildConfigurations = (
				7D6E837D282B714B00297F2D /* Debug */,
				7D6E837E282B714B00297F2D /* Release */,
			);
			defaultConfigurationIsVisible = 0;
			defaultConfigurationName = Release;
		};
		7D6E837F282B714B00297F2D /* Build configuration list for PBXNativeTarget "iTem (iOS)" */ = {
			isa = XCConfigurationList;
			buildConfigurations = (
				7D6E8380282B714B00297F2D /* Debug */,
				7D6E8381282B714B00297F2D /* Release */,
			);
			defaultConfigurationIsVisible = 0;
			defaultConfigurationName = Release;
		};
		7D6E8382282B714B00297F2D /* Build configuration list for PBXNativeTarget "iTem (macOS)" */ = {
			isa = XCConfigurationList;
			buildConfigurations = (
				7D6E8383282B714B00297F2D /* Debug */,
				7D6E8384282B714B00297F2D /* Release */,
			);
			defaultConfigurationIsVisible = 0;
			defaultConfigurationName = Release;
		};
		7D6E8385282B714B00297F2D /* Build configuration list for PBXNativeTarget "Tests iOS" */ = {
			isa = XCConfigurationList;
			buildConfigurations = (
				7D6E8386282B714B00297F2D /* Debug */,
				7D6E8387282B714B00297F2D /* Release */,
			);
			defaultConfigurationIsVisible = 0;
			defaultConfigurationName = Release;
		};
		7D6E8388282B714B00297F2D /* Build configuration list for PBXNativeTarget "Tests macOS" */ = {
			isa = XCConfigurationList;
			buildConfigurations = (
				7D6E8389282B714B00297F2D /* Debug */,
				7D6E838A282B714B00297F2D /* Release */,
			);
			defaultConfigurationIsVisible = 0;
			defaultConfigurationName = Release;
		};
/* End XCConfigurationList section */

/* Begin XCRemoteSwiftPackageReference section */
		7D6E8397282B753600297F2D /* XCRemoteSwiftPackageReference "ObservableStore" */ = {
			isa = XCRemoteSwiftPackageReference;
			repositoryURL = "https://github.com/subconsciousnetwork/ObservableStore";
			requirement = {
				kind = upToNextMajorVersion;
				minimumVersion = 0.1.0;
			};
		};
		7D6E839A282B754E00297F2D /* XCRemoteSwiftPackageReference "CoreStore" */ = {
			isa = XCRemoteSwiftPackageReference;
			repositoryURL = "https://github.com/JohnEstropia/CoreStore";
			requirement = {
				kind = upToNextMajorVersion;
				minimumVersion = 8.0.0;
			};
		};
/* End XCRemoteSwiftPackageReference section */

/* Begin XCSwiftPackageProductDependency section */
		7D6E8398282B753600297F2D /* ObservableStore */ = {
			isa = XCSwiftPackageProductDependency;
			package = 7D6E8397282B753600297F2D /* XCRemoteSwiftPackageReference "ObservableStore" */;
			productName = ObservableStore;
		};
		7D6E839B282B754E00297F2D /* CoreStore */ = {
			isa = XCSwiftPackageProductDependency;
			package = 7D6E839A282B754E00297F2D /* XCRemoteSwiftPackageReference "CoreStore" */;
			productName = CoreStore;
		};
/* End XCSwiftPackageProductDependency section */
	};
	rootObject = 7D6E834A282B714000297F2D /* Project object */;
}
