{
  "pins" : [
    {
      "identity" : "corestore",
      "kind" : "remoteSourceControl",
      "location" : "https://github.com/JohnEstropia/CoreStore",
      "state" : {
        "revision" : "496145761ab30e8cf1c44220c0882b95e6b41077",
        "version" : "8.1.0"
      }
    },
    {
      "identity" : "observablestore",
      "kind" : "remoteSourceControl",
      "location" : "https://github.com/subconsciousnetwork/ObservableStore",
      "state" : {
        "revision" : "546c7d013ea8631c0d3949ee831f032f2fdc3cc3",
        "version" : "0.1.0"
      }
    }
  ],
  "version" : 2
}
